
Microsoft Visual Studio Solution File, Format Version 12.00
# Visual Studio 2017
Project("{FAE04EC0-301F-11D3-BF4B-00C04F79EFBC}") = "WorldGen", "WorldGen.csproj", "{EFCD6E52-80AF-C17D-9D43-C45EB2E042B6}"
EndProject
Project("{FAE04EC0-301F-11D3-BF4B-00C04F79EFBC}") = "WorldGen.Editor", "WorldGen.Editor.csproj", "{A8027E65-B39D-8EAB-15A3-22BFD8C7E409}"
EndProject
Global
	GlobalSection(SolutionConfigurationPlatforms) = preSolution
		Debug|Any CPU = Debug|Any CPU
		Release|Any CPU = Release|Any CPU
	EndGlobalSection
	GlobalSection(ProjectConfigurationPlatforms) = postSolution
		{EFCD6E52-80AF-C17D-9D43-C45EB2E042B6}.Debug|Any CPU.ActiveCfg = Debug|Any CPU
		{EFCD6E52-80AF-C17D-9D43-C45EB2E042B6}.Debug|Any CPU.Build.0 = Debug|Any CPU
		{EFCD6E52-80AF-C17D-9D43-C45EB2E042B6}.Release|Any CPU.ActiveCfg = Release|Any CPU
		{EFCD6E52-80AF-C17D-9D43-C45EB2E042B6}.Release|Any CPU.Build.0 = Release|Any CPU
		{A8027E65-B39D-8EAB-15A3-22BFD8C7E409}.Debug|Any CPU.ActiveCfg = Debug|Any CPU
		{A8027E65-B39D-8EAB-15A3-22BFD8C7E409}.Debug|Any CPU.Build.0 = Debug|Any CPU
		{A8027E65-B39D-8EAB-15A3-22BFD8C7E409}.Release|Any CPU.ActiveCfg = Release|Any CPU
		{A8027E65-B39D-8EAB-15A3-22BFD8C7E409}.Release|Any CPU.Build.0 = Release|Any CPU
	EndGlobalSection
	GlobalSection(SolutionProperties) = preSolution
		HideSolutionNode = FALSE
	EndGlobalSection
EndGlobal
